
Microsoft Visual Studio Solution File, Format Version 12.00
# Visual Studio Version 17
VisualStudioVersion = 17.2.32616.157
MinimumVisualStudioVersion = 10.0.40219.1
Project("{FAE04EC0-301F-11D3-BF4B-00C04F79EFBC}") = "Lightweight", "Lightweight\Lightweight.csproj", "{CA79ED33-EDC5-4909-B45F-1BD6EAB86320}"
EndProject
Global
	GlobalSection(SolutionConfigurationPlatforms) = preSolution
		Debug|Any CPU = Debug|Any CPU
		Release|Any CPU = Release|Any CPU
	EndGlobalSection
	GlobalSection(ProjectConfigurationPlatforms) = postSolution
		{CA79ED33-EDC5-4909-B45F-1BD6EAB86320}.Debug|Any CPU.ActiveCfg = Debug|Any CPU
		{CA79ED33-EDC5-4909-B45F-1BD6EAB86320}.Debug|Any CPU.Build.0 = Debug|Any CPU
		{CA79ED33-EDC5-4909-B45F-1BD6EAB86320}.Release|Any CPU.ActiveCfg = Release|Any CPU
		{CA79ED33-EDC5-4909-B45F-1BD6EAB86320}.Release|Any CPU.Build.0 = Release|Any CPU
	EndGlobalSection
	GlobalSection(SolutionProperties) = preSolution
		HideSolutionNode = FALSE
	EndGlobalSection
	GlobalSection(ExtensibilityGlobals) = postSolution
		SolutionGuid = {7E96F94E-3549-4A41-8299-3E5D721402FA}
	EndGlobalSection
EndGlobal
